
Microsoft Visual Studio Solution File, Format Version 12.00
# Visual Studio Version 17
VisualStudioVersion = 17.3.32901.215
MinimumVisualStudioVersion = 10.0.40219.1
Project("{2150E333-8FDC-42A3-9474-1A3956D46DE8}") = "src", "src", "{669EBD4C-F4BD-4567-8F0A-6AED3E18448C}"
EndProject
Project("{2150E333-8FDC-42A3-9474-1A3956D46DE8}") = "test", "test", "{D1641E05-DC54-4C73-B6D2-66534157BE5E}"
EndProject
Project("{2150E333-8FDC-42A3-9474-1A3956D46DE8}") = "UI", "UI", "{89409A1D-DC82-4201-A313-C24A49B7F356}"
EndProject
Project("{2150E333-8FDC-42A3-9474-1A3956D46DE8}") = "Core", "Core", "{6F8025F7-5265-4593-BA24-B00D1625D02E}"
EndProject
Project("{2150E333-8FDC-42A3-9474-1A3956D46DE8}") = "API", "API", "{DBC3260F-4959-4A15-8973-92DACC6509E8}"
EndProject
Project("{2150E333-8FDC-42A3-9474-1A3956D46DE8}") = "Infrastructure", "Infrastructure", "{0BA1B96E-82FA-4599-867E-494D67311AC1}"
EndProject
Project("{9A19103F-16F7-4668-BE54-9A1E7A4F7556}") = "HR.LeaveManagement.Domain", "HR.LeaveManagement.Domain\HR.LeaveManagement.Domain.csproj", "{26B01A08-8D2D-4CF4-A763-4FA3C1288392}"
EndProject
Project("{9A19103F-16F7-4668-BE54-9A1E7A4F7556}") = "HR.LeaveManagement.Application", "HR.LeaveManagement.Application\HR.LeaveManagement.Application.csproj", "{85D3B0B4-1950-419A-B9F3-7FB78EFABA5A}"
EndProject
Project("{9A19103F-16F7-4668-BE54-9A1E7A4F7556}") = "HR.LeaveManagement.Infrastructure", "HR.LeaveManagement.Infrastructure\HR.LeaveManagement.Infrastructure.csproj", "{7B86F1A5-E535-41AF-B89E-61AB62C3CA0C}"
EndProject
Project("{9A19103F-16F7-4668-BE54-9A1E7A4F7556}") = "HR.LeaveManagement.Persistence", "HR.LeaveManagement.Persistence\HR.LeaveManagement.Persistence.csproj", "{767855BC-93DB-4F2F-B30D-783803284BD2}"
EndProject
Project("{FAE04EC0-301F-11D3-BF4B-00C04F79EFBC}") = "HR.LeaveManagement.Api", "HR.LeaveManagement.Api\HR.LeaveManagement.Api.csproj", "{0B75C66C-2916-4BB7-B243-EA8F3834B3A2}"
EndProject
Global
	GlobalSection(SolutionConfigurationPlatforms) = preSolution
		Debug|Any CPU = Debug|Any CPU
		Release|Any CPU = Release|Any CPU
	EndGlobalSection
	GlobalSection(ProjectConfigurationPlatforms) = postSolution
		{26B01A08-8D2D-4CF4-A763-4FA3C1288392}.Debug|Any CPU.ActiveCfg = Debug|Any CPU
		{26B01A08-8D2D-4CF4-A763-4FA3C1288392}.Debug|Any CPU.Build.0 = Debug|Any CPU
		{26B01A08-8D2D-4CF4-A763-4FA3C1288392}.Release|Any CPU.ActiveCfg = Release|Any CPU
		{26B01A08-8D2D-4CF4-A763-4FA3C1288392}.Release|Any CPU.Build.0 = Release|Any CPU
		{85D3B0B4-1950-419A-B9F3-7FB78EFABA5A}.Debug|Any CPU.ActiveCfg = Debug|Any CPU
		{85D3B0B4-1950-419A-B9F3-7FB78EFABA5A}.Debug|Any CPU.Build.0 = Debug|Any CPU
		{85D3B0B4-1950-419A-B9F3-7FB78EFABA5A}.Release|Any CPU.ActiveCfg = Release|Any CPU
		{85D3B0B4-1950-419A-B9F3-7FB78EFABA5A}.Release|Any CPU.Build.0 = Release|Any CPU
		{7B86F1A5-E535-41AF-B89E-61AB62C3CA0C}.Debug|Any CPU.ActiveCfg = Debug|Any CPU
		{7B86F1A5-E535-41AF-B89E-61AB62C3CA0C}.Debug|Any CPU.Build.0 = Debug|Any CPU
		{7B86F1A5-E535-41AF-B89E-61AB62C3CA0C}.Release|Any CPU.ActiveCfg = Release|Any CPU
		{7B86F1A5-E535-41AF-B89E-61AB62C3CA0C}.Release|Any CPU.Build.0 = Release|Any CPU
		{767855BC-93DB-4F2F-B30D-783803284BD2}.Debug|Any CPU.ActiveCfg = Debug|Any CPU
		{767855BC-93DB-4F2F-B30D-783803284BD2}.Debug|Any CPU.Build.0 = Debug|Any CPU
		{767855BC-93DB-4F2F-B30D-783803284BD2}.Release|Any CPU.ActiveCfg = Release|Any CPU
		{767855BC-93DB-4F2F-B30D-783803284BD2}.Release|Any CPU.Build.0 = Release|Any CPU
		{0B75C66C-2916-4BB7-B243-EA8F3834B3A2}.Debug|Any CPU.ActiveCfg = Debug|Any CPU
		{0B75C66C-2916-4BB7-B243-EA8F3834B3A2}.Debug|Any CPU.Build.0 = Debug|Any CPU
		{0B75C66C-2916-4BB7-B243-EA8F3834B3A2}.Release|Any CPU.ActiveCfg = Release|Any CPU
		{0B75C66C-2916-4BB7-B243-EA8F3834B3A2}.Release|Any CPU.Build.0 = Release|Any CPU
	EndGlobalSection
	GlobalSection(SolutionProperties) = preSolution
		HideSolutionNode = FALSE
	EndGlobalSection
	GlobalSection(NestedProjects) = preSolution
		{89409A1D-DC82-4201-A313-C24A49B7F356} = {669EBD4C-F4BD-4567-8F0A-6AED3E18448C}
		{6F8025F7-5265-4593-BA24-B00D1625D02E} = {669EBD4C-F4BD-4567-8F0A-6AED3E18448C}
		{DBC3260F-4959-4A15-8973-92DACC6509E8} = {669EBD4C-F4BD-4567-8F0A-6AED3E18448C}
		{0BA1B96E-82FA-4599-867E-494D67311AC1} = {669EBD4C-F4BD-4567-8F0A-6AED3E18448C}
		{26B01A08-8D2D-4CF4-A763-4FA3C1288392} = {6F8025F7-5265-4593-BA24-B00D1625D02E}
		{85D3B0B4-1950-419A-B9F3-7FB78EFABA5A} = {6F8025F7-5265-4593-BA24-B00D1625D02E}
		{7B86F1A5-E535-41AF-B89E-61AB62C3CA0C} = {0BA1B96E-82FA-4599-867E-494D67311AC1}
		{767855BC-93DB-4F2F-B30D-783803284BD2} = {0BA1B96E-82FA-4599-867E-494D67311AC1}
		{0B75C66C-2916-4BB7-B243-EA8F3834B3A2} = {DBC3260F-4959-4A15-8973-92DACC6509E8}
	EndGlobalSection
	GlobalSection(ExtensibilityGlobals) = postSolution
		SolutionGuid = {7A21A46E-99D9-406F-A05E-7FC82DD65908}
	EndGlobalSection
EndGlobal
